
Microsoft Visual Studio Solution File, Format Version 12.00
# Visual Studio Version 17
VisualStudioVersion = 17.7.34018.315
MinimumVisualStudioVersion = 10.0.40219.1
Project("{9A19103F-16F7-4668-BE54-9A1E7A4F7556}") = "RecipeBook", "RecipeBook\RecipeBook.csproj", "{2CF137E8-2E1C-47A2-8827-6258E092559A}"
	ProjectSection(ProjectDependencies) = postProject
		{07C3F4D6-23FF-486A-8F9A-4D85AA0CAD8D} = {07C3F4D6-23FF-486A-8F9A-4D85AA0CAD8D}
		{1F8AB6D4-9262-4879-A9BE-85D676FE10D8} = {1F8AB6D4-9262-4879-A9BE-85D676FE10D8}
	EndProjectSection
EndProject
Project("{9A19103F-16F7-4668-BE54-9A1E7A4F7556}") = "RecipeBook.Data", "RecipeBook.Data\RecipeBook.Data.csproj", "{73540F9C-0085-42DE-B09E-6DA99ED09191}"
EndProject
Project("{9A19103F-16F7-4668-BE54-9A1E7A4F7556}") = "RecipeBook.Providers", "RecipeBook.Providers\RecipeBook.Providers.csproj", "{1F8AB6D4-9262-4879-A9BE-85D676FE10D8}"
	ProjectSection(ProjectDependencies) = postProject
		{07C3F4D6-23FF-486A-8F9A-4D85AA0CAD8D} = {07C3F4D6-23FF-486A-8F9A-4D85AA0CAD8D}
	EndProjectSection
EndProject
Project("{9A19103F-16F7-4668-BE54-9A1E7A4F7556}") = "RecipeBook.DTOs", "RecipeBook.DTOs\RecipeBook.DTOs.csproj", "{07C3F4D6-23FF-486A-8F9A-4D85AA0CAD8D}"
	ProjectSection(ProjectDependencies) = postProject
		{73540F9C-0085-42DE-B09E-6DA99ED09191} = {73540F9C-0085-42DE-B09E-6DA99ED09191}
	EndProjectSection
EndProject
Global
	GlobalSection(SolutionConfigurationPlatforms) = preSolution
		Debug|Any CPU = Debug|Any CPU
		Release|Any CPU = Release|Any CPU
	EndGlobalSection
	GlobalSection(ProjectConfigurationPlatforms) = postSolution
		{2CF137E8-2E1C-47A2-8827-6258E092559A}.Debug|Any CPU.ActiveCfg = Debug|Any CPU
		{2CF137E8-2E1C-47A2-8827-6258E092559A}.Debug|Any CPU.Build.0 = Debug|Any CPU
		{2CF137E8-2E1C-47A2-8827-6258E092559A}.Release|Any CPU.ActiveCfg = Release|Any CPU
		{2CF137E8-2E1C-47A2-8827-6258E092559A}.Release|Any CPU.Build.0 = Release|Any CPU
		{73540F9C-0085-42DE-B09E-6DA99ED09191}.Debug|Any CPU.ActiveCfg = Debug|Any CPU
		{73540F9C-0085-42DE-B09E-6DA99ED09191}.Debug|Any CPU.Build.0 = Debug|Any CPU
		{73540F9C-0085-42DE-B09E-6DA99ED09191}.Release|Any CPU.ActiveCfg = Release|Any CPU
		{73540F9C-0085-42DE-B09E-6DA99ED09191}.Release|Any CPU.Build.0 = Release|Any CPU
		{1F8AB6D4-9262-4879-A9BE-85D676FE10D8}.Debug|Any CPU.ActiveCfg = Debug|Any CPU
		{1F8AB6D4-9262-4879-A9BE-85D676FE10D8}.Debug|Any CPU.Build.0 = Debug|Any CPU
		{1F8AB6D4-9262-4879-A9BE-85D676FE10D8}.Release|Any CPU.ActiveCfg = Release|Any CPU
		{1F8AB6D4-9262-4879-A9BE-85D676FE10D8}.Release|Any CPU.Build.0 = Release|Any CPU
		{07C3F4D6-23FF-486A-8F9A-4D85AA0CAD8D}.Debug|Any CPU.ActiveCfg = Debug|Any CPU
		{07C3F4D6-23FF-486A-8F9A-4D85AA0CAD8D}.Debug|Any CPU.Build.0 = Debug|Any CPU
		{07C3F4D6-23FF-486A-8F9A-4D85AA0CAD8D}.Release|Any CPU.ActiveCfg = Release|Any CPU
		{07C3F4D6-23FF-486A-8F9A-4D85AA0CAD8D}.Release|Any CPU.Build.0 = Release|Any CPU
	EndGlobalSection
	GlobalSection(SolutionProperties) = preSolution
		HideSolutionNode = FALSE
	EndGlobalSection
	GlobalSection(ExtensibilityGlobals) = postSolution
		SolutionGuid = {58578EBD-6BAA-48B8-B8B0-E883929A7148}
	EndGlobalSection
EndGlobal
